{
    "name": "cor-grader-reference-node-fullstack",
    "version": "1.0.0",
    "lockfileVersion": 3,
    "requires": true,
    "packages": {
        "": {
            "name": "cor-grader-reference-node-fullstack",
            "version": "1.0.0",
            "engines": {
                "node": ">=22"
            }
        }
    }
}
