{
    "name": "cor-grader-reference-node-blob",
    "version": "1.0.0",
    "lockfileVersion": 3,
    "requires": true,
    "packages": {
        "": {
            "name": "cor-grader-reference-node-blob",
            "version": "1.0.0",
            "dependencies": {
                "@azure/storage-blob": "^12.26.0"
            },
            "engines": {
                "node": ">=22"
            }
        },
        "node_modules/@azure/abort-controller": {
            "version": "2.2.0",
            "resolved": "https://registry.npmjs.org/@azure/abort-controller/-/abort-controller-2.2.0.tgz",
            "integrity": "sha512-fNAjWnA/nZ2jz31kxR/AqRaUT8ewHBw/WuBIosK0moMy1C9e5ValbDfFdIxJzVOOYaYkV/b2F1S4H/aHiqfVQg==",
            "license": "MIT",
            "dependencies": {
                "tslib": "^2.6.2"
            },
            "engines": {
                "node": ">=22.0.0"
            }
        },
        "node_modules/@azure/core-auth": {
            "version": "1.11.0",
            "resolved": "https://registry.npmjs.org/@azure/core-auth/-/core-auth-1.11.0.tgz",
            "integrity": "sha512-IUZydyTUkDnYdstOW9pFOOUQlBjAepK5teihDE3x6yxsPJs/hsAaaYpeGxdxrgtOiJbBKSjKW7MDk7AEhb4LRg==",
            "license": "MIT",
            "dependencies": {
                "@azure/abort-controller": "^2.1.2",
                "@azure/core-util": "^1.13.0",
                "tslib": "^2.6.2"
            },
            "engines": {
                "node": ">=22.0.0"
            }
        },
        "node_modules/@azure/core-client": {
            "version": "1.11.0",
            "resolved": "https://registry.npmjs.org/@azure/core-client/-/core-client-1.11.0.tgz",
            "integrity": "sha512-JjQWO6akOck45PH/XBrxzsQGAiKrfFl4m5iggJ0ItMIz5omRufOXWpqCPpdjKN3vKDzlSUvFjaMb7Zwf0gvAdA==",
            "license": "MIT",
            "dependencies": {
                "@azure/abort-controller": "^2.1.2",
                "@azure/core-auth": "^1.10.0",
                "@azure/core-rest-pipeline": "^1.22.0",
                "@azure/core-tracing": "^1.3.0",
                "@azure/core-util": "^1.13.0",
                "@azure/logger": "^1.3.0",
                "tslib": "^2.6.2"
            },
            "engines": {
                "node": ">=22.0.0"
            }
        },
        "node_modules/@azure/core-http-compat": {
            "version": "2.5.0",
            "resolved": "https://registry.npmjs.org/@azure/core-http-compat/-/core-http-compat-2.5.0.tgz",
            "integrity": "sha512-BoSmXPx2er1Ai+wKlDvj29jIQespCNBwEmKyZVHO2kEFsWbGjAjwMCGzug3DJM5/QYIV3vej0S1zcU5bq9fa8w==",
            "license": "MIT",
            "dependencies": {
                "@azure/abort-controller": "^2.1.2"
            },
            "engines": {
                "node": ">=22.0.0"
            },
            "peerDependencies": {
                "@azure/core-client": "^1.10.0",
                "@azure/core-rest-pipeline": "^1.22.0"
            }
        },
        "node_modules/@azure/core-lro": {
            "version": "2.7.2",
            "resolved": "https://registry.npmjs.org/@azure/core-lro/-/core-lro-2.7.2.tgz",
            "integrity": "sha512-0YIpccoX8m/k00O7mDDMdJpbr6mf1yWo2dfmxt5A8XVZVVMz2SSKaEbMCeJRvgQ0IaSlqhjT47p4hVIRRy90xw==",
            "license": "MIT",
            "dependencies": {
                "@azure/abort-controller": "^2.0.0",
                "@azure/core-util": "^1.2.0",
                "@azure/logger": "^1.0.0",
                "tslib": "^2.6.2"
            },
            "engines": {
                "node": ">=18.0.0"
            }
        },
        "node_modules/@azure/core-paging": {
            "version": "1.7.0",
            "resolved": "https://registry.npmjs.org/@azure/core-paging/-/core-paging-1.7.0.tgz",
            "integrity": "sha512-7GEAoIsaoBr6KELNRb8nypowCqvk8dnCHFCYg4XD4lOQGY2GqjQg5IhkRjyBFRO18CGSMq05PaNqSOE9GQro3g==",
            "license": "MIT",
            "dependencies": {
                "tslib": "^2.6.2"
            },
            "engines": {
                "node": ">=22.0.0"
            }
        },
        "node_modules/@azure/core-rest-pipeline": {
            "version": "1.25.0",
            "resolved": "https://registry.npmjs.org/@azure/core-rest-pipeline/-/core-rest-pipeline-1.25.0.tgz",
            "integrity": "sha512-bMs8ekJLjX8wPV+9IPBges1SLPyuDtE9g5gLDWOpxzKcoOFQnpLGkbcT1tdw3FaAmDS1gnPmMmJ6y/T5B96kIA==",
            "license": "MIT",
            "dependencies": {
                "@azure/abort-controller": "^2.1.2",
                "@azure/core-auth": "^1.10.0",
                "@azure/core-tracing": "^1.3.0",
                "@azure/core-util": "^1.13.0",
                "@azure/logger": "^1.3.0",
                "@typespec/ts-http-runtime": "^0.3.4",
                "tslib": "^2.6.2"
            },
            "engines": {
                "node": ">=22.0.0"
            }
        },
        "node_modules/@azure/core-tracing": {
            "version": "1.4.0",
            "resolved": "https://registry.npmjs.org/@azure/core-tracing/-/core-tracing-1.4.0.tgz",
            "integrity": "sha512-eGwxD0AtncrxeBM4tG8R55Pc3rdX1hNW2WibJAgYpCVA6E93mvvVH+LcssoVjOBrSKWS55yEIHsk0X8ctHmfOQ==",
            "license": "MIT",
            "dependencies": {
                "tslib": "^2.6.2"
            },
            "engines": {
                "node": ">=22.0.0"
            }
        },
        "node_modules/@azure/core-util": {
            "version": "1.14.0",
            "resolved": "https://registry.npmjs.org/@azure/core-util/-/core-util-1.14.0.tgz",
            "integrity": "sha512-9n2pWK61veAuN0V20t9lOuoV4CFMdyAZ1ygZzvBGk/pBBJRib/PjL9PLXa/aI2CcPpyHfqVsxxqLCYl6uZlfDw==",
            "license": "MIT",
            "dependencies": {
                "@azure/abort-controller": "^2.1.2",
                "@typespec/ts-http-runtime": "^0.3.0",
                "tslib": "^2.6.2"
            },
            "engines": {
                "node": ">=22.0.0"
            }
        },
        "node_modules/@azure/core-xml": {
            "version": "1.6.0",
            "resolved": "https://registry.npmjs.org/@azure/core-xml/-/core-xml-1.6.0.tgz",
            "integrity": "sha512-e7lX/dk//F6Qf7BB6PTY4+p2yuOQtyOeHGyapYHNwqSp2OnYpwQt49A/Nin2XmKBQ69pwagR4k/lQBq8lbHQkA==",
            "license": "MIT",
            "dependencies": {
                "fast-xml-parser": "^5.5.9",
                "tslib": "^2.8.1"
            },
            "engines": {
                "node": ">=22.0.0"
            }
        },
        "node_modules/@azure/logger": {
            "version": "1.4.0",
            "resolved": "https://registry.npmjs.org/@azure/logger/-/logger-1.4.0.tgz",
            "integrity": "sha512-rbAE25KUfjU/s3XHUdJgceoCP5dEOpMx85J04kF+QMdta73XkuG9JGHHinch+XIoKpBdqljin+KqURpJriSzLA==",
            "license": "MIT",
            "dependencies": {
                "@typespec/ts-http-runtime": "^0.3.0",
                "tslib": "^2.6.2"
            },
            "engines": {
                "node": ">=22.0.0"
            }
        },
        "node_modules/@azure/storage-blob": {
            "version": "12.33.0",
            "resolved": "https://registry.npmjs.org/@azure/storage-blob/-/storage-blob-12.33.0.tgz",
            "integrity": "sha512-2SX8oP8PyblUcAFZSg39c8Ls+tFjavM6sBeV+qpw33mRzRhI/5hrFJmJ/x0H9xx5l6ECPvgSP8uPxqTeVbHNIA==",
            "license": "MIT",
            "dependencies": {
                "@azure/abort-controller": "^2.1.2",
                "@azure/core-auth": "^1.9.0",
                "@azure/core-client": "^1.9.3",
                "@azure/core-http-compat": "^2.2.0",
                "@azure/core-lro": "^2.2.0",
                "@azure/core-paging": "^1.6.2",
                "@azure/core-rest-pipeline": "^1.19.1",
                "@azure/core-tracing": "^1.2.0",
                "@azure/core-util": "^1.11.0",
                "@azure/core-xml": "^1.4.5",
                "@azure/logger": "^1.1.4",
                "@azure/storage-common": "^12.4.1",
                "events": "^3.0.0",
                "tslib": "^2.8.1"
            },
            "engines": {
                "node": ">=22.0.0"
            }
        },
        "node_modules/@azure/storage-common": {
            "version": "12.5.0",
            "resolved": "https://registry.npmjs.org/@azure/storage-common/-/storage-common-12.5.0.tgz",
            "integrity": "sha512-bttzuhQiCIwrkzjPDA+AtAR7dg19L/CC6ztcqJ5LfvWpXuys9mHp0UQ0udYnoUvv9SCT9KTR5kqFvFr0e6k0lQ==",
            "license": "MIT",
            "dependencies": {
                "@azure/abort-controller": "^2.1.2",
                "@azure/core-auth": "^1.9.0",
                "@azure/core-http-compat": "^2.4.0",
                "@azure/core-rest-pipeline": "^1.24.0",
                "@azure/core-tracing": "^1.2.0",
                "@azure/core-util": "^1.11.0",
                "@azure/logger": "^1.1.4",
                "events": "^3.3.0",
                "tslib": "^2.8.1"
            },
            "engines": {
                "node": ">=22.0.0"
            }
        },
        "node_modules/@nodable/entities": {
            "version": "3.0.0",
            "resolved": "https://registry.npmjs.org/@nodable/entities/-/entities-3.0.0.tgz",
            "integrity": "sha512-8L9xFeTYKhm49xfIypoe2W5wV1m/3Z58kT+7kR9A8OyFxcPduI4VmxaUMQyKYrRjUoLLSXv6EKKID5Tvj9cUVw==",
            "funding": [
                {
                    "type": "github",
                    "url": "https://github.com/sponsors/nodable"
                }
            ],
            "license": "MIT"
        },
        "node_modules/@typespec/ts-http-runtime": {
            "version": "0.3.8",
            "resolved": "https://registry.npmjs.org/@typespec/ts-http-runtime/-/ts-http-runtime-0.3.8.tgz",
            "integrity": "sha512-bLMpVcWZNzq6lYOybwFwOAR1IXKcHnhUNqYeHjl1bET/qE3jFPFH+p8Wrh3rU4xwdnifPxmKNESBYnvnmc75aA==",
            "license": "MIT",
            "dependencies": {
                "http-proxy-agent": "^7.0.0",
                "https-proxy-agent": "^7.0.0",
                "tslib": "^2.6.2"
            },
            "engines": {
                "node": ">=22.0.0"
            }
        },
        "node_modules/agent-base": {
            "version": "7.1.4",
            "resolved": "https://registry.npmjs.org/agent-base/-/agent-base-7.1.4.tgz",
            "integrity": "sha512-MnA+YT8fwfJPgBx3m60MNqakm30XOkyIoH1y6huTQvC0PwZG7ki8NacLBcrPbNoo8vEZy7Jpuk7+jMO+CUovTQ==",
            "license": "MIT",
            "engines": {
                "node": ">= 14"
            }
        },
        "node_modules/anynum": {
            "version": "1.0.1",
            "resolved": "https://registry.npmjs.org/anynum/-/anynum-1.0.1.tgz",
            "integrity": "sha512-N6//FLET/tXYNM/F6ABca1oH6fWB+KlTt909Le28WMDBk8oaT4vY17DCrwg2MvmuqUKt3Ni4N5dGJ/EoBgcO6A==",
            "funding": [
                {
                    "type": "github",
                    "url": "https://github.com/sponsors/NaturalIntelligence"
                }
            ],
            "license": "MIT"
        },
        "node_modules/debug": {
            "version": "4.4.3",
            "resolved": "https://registry.npmjs.org/debug/-/debug-4.4.3.tgz",
            "integrity": "sha512-RGwwWnwQvkVfavKVt22FGLw+xYSdzARwm0ru6DhTVA3umU5hZc28V3kO4stgYryrTlLpuvgI9GiijltAjNbcqA==",
            "license": "MIT",
            "dependencies": {
                "ms": "^2.1.3"
            },
            "engines": {
                "node": ">=6.0"
            },
            "peerDependenciesMeta": {
                "supports-color": {
                    "optional": true
                }
            }
        },
        "node_modules/events": {
            "version": "3.3.0",
            "resolved": "https://registry.npmjs.org/events/-/events-3.3.0.tgz",
            "integrity": "sha512-mQw+2fkQbALzQ7V0MY0IqdnXNOeTtP4r0lN9z7AAawCXgqea7bDii20AYrIBrFd/Hx0M2Ocz6S111CaFkUcb0Q==",
            "license": "MIT",
            "engines": {
                "node": ">=0.8.x"
            }
        },
        "node_modules/fast-xml-builder": {
            "version": "1.3.1",
            "resolved": "https://registry.npmjs.org/fast-xml-builder/-/fast-xml-builder-1.3.1.tgz",
            "integrity": "sha512-pIM/1n3ntFXKYrUZwW7QCK0gAW7XY+wzj1YMIV3tLDvPj/V+zTGJK5e3/4WJfwj0qWw2ElNXiTixda/R+3YSug==",
            "funding": [
                {
                    "type": "github",
                    "url": "https://github.com/sponsors/NaturalIntelligence"
                }
            ],
            "license": "MIT",
            "dependencies": {
                "path-expression-matcher": "^1.6.2",
                "xml-naming": "^0.3.0"
            }
        },
        "node_modules/fast-xml-parser": {
            "version": "5.11.1",
            "resolved": "https://registry.npmjs.org/fast-xml-parser/-/fast-xml-parser-5.11.1.tgz",
            "integrity": "sha512-TBw6K/fxoQGGjCmZDw9w/ZwP3uDcnTM4YH/g+PFRWr8sbe5idXtxNN6vITh4+1ruCZaho6uBFurElsA7F0zzgw==",
            "funding": [
                {
                    "type": "github",
                    "url": "https://github.com/sponsors/NaturalIntelligence"
                }
            ],
            "license": "MIT",
            "dependencies": {
                "@nodable/entities": "^3.0.0",
                "fast-xml-builder": "^1.2.0",
                "is-unsafe": "^2.0.0",
                "path-expression-matcher": "^1.6.2",
                "strnum": "^2.4.2",
                "xml-naming": "^0.3.0"
            },
            "bin": {
                "fxparser": "src/cli/cli.js"
            }
        },
        "node_modules/http-proxy-agent": {
            "version": "7.0.2",
            "resolved": "https://registry.npmjs.org/http-proxy-agent/-/http-proxy-agent-7.0.2.tgz",
            "integrity": "sha512-T1gkAiYYDWYx3V5Bmyu7HcfcvL7mUrTWiM6yOfa3PIphViJ/gFPbvidQ+veqSOHci/PxBcDabeUNCzpOODJZig==",
            "license": "MIT",
            "dependencies": {
                "agent-base": "^7.1.0",
                "debug": "^4.3.4"
            },
            "engines": {
                "node": ">= 14"
            }
        },
        "node_modules/https-proxy-agent": {
            "version": "7.0.6",
            "resolved": "https://registry.npmjs.org/https-proxy-agent/-/https-proxy-agent-7.0.6.tgz",
            "integrity": "sha512-vK9P5/iUfdl95AI+JVyUuIcVtd4ofvtrOr3HNtM2yxC9bnMbEdp3x01OhQNnjb8IJYi38VlTE3mBXwcfvywuSw==",
            "license": "MIT",
            "dependencies": {
                "agent-base": "^7.1.2",
                "debug": "4"
            },
            "engines": {
                "node": ">= 14"
            }
        },
        "node_modules/is-unsafe": {
            "version": "2.0.2",
            "resolved": "https://registry.npmjs.org/is-unsafe/-/is-unsafe-2.0.2.tgz",
            "integrity": "sha512-HgbIHPBH0KHHCcjLfGsCvhtPTVxjaAZlXjwdz7/GQC40SjSe4sfQsar8J5VFo8JOSbarkpV0OLG95bbaNd9aAQ==",
            "funding": [
                {
                    "type": "github",
                    "url": "https://github.com/sponsors/NaturalIntelligence"
                }
            ],
            "license": "MIT"
        },
        "node_modules/ms": {
            "version": "2.1.3",
            "resolved": "https://registry.npmjs.org/ms/-/ms-2.1.3.tgz",
            "integrity": "sha512-6FlzubTLZG3J2a/NVCAleEhjzq5oxgHyaCU9yYXvcLsvoVaHJq/s5xXI6/XXP6tz7R9xAOtHnSO/tXtF3WRTlA==",
            "license": "MIT"
        },
        "node_modules/path-expression-matcher": {
            "version": "1.6.2",
            "resolved": "https://registry.npmjs.org/path-expression-matcher/-/path-expression-matcher-1.6.2.tgz",
            "integrity": "sha512-enSlaiat05iasnzmgNxRj8reFdj3puY2QpNgP1aPIaVfT6nn9ICuPoFlKHk8EN22HcwewshO+mN2DGbkCEOtqQ==",
            "funding": [
                {
                    "type": "github",
                    "url": "https://github.com/sponsors/NaturalIntelligence"
                }
            ],
            "license": "MIT",
            "engines": {
                "node": ">=14.0.0"
            }
        },
        "node_modules/strnum": {
            "version": "2.4.2",
            "resolved": "https://registry.npmjs.org/strnum/-/strnum-2.4.2.tgz",
            "integrity": "sha512-rDG3Ah4TV0k1hWvLSzkZtMmLN9+eS+h3knq4MP6A42Y3Yh5qGNnOUs1jJkoSr8FG5dsL28c7KgkIBzSEykqtuw==",
            "funding": [
                {
                    "type": "github",
                    "url": "https://github.com/sponsors/NaturalIntelligence"
                }
            ],
            "license": "MIT",
            "dependencies": {
                "anynum": "^1.0.1"
            }
        },
        "node_modules/tslib": {
            "version": "2.8.1",
            "resolved": "https://registry.npmjs.org/tslib/-/tslib-2.8.1.tgz",
            "integrity": "sha512-oJFu94HQb+KVduSUQL7wnpmqnfmLsOA/nAh6b6EH0wCEoK0/mPeXU6c3wKDV83MkOuHPRHtSXKKU99IBazS/2w==",
            "license": "0BSD"
        },
        "node_modules/xml-naming": {
            "version": "0.3.0",
            "resolved": "https://registry.npmjs.org/xml-naming/-/xml-naming-0.3.0.tgz",
            "integrity": "sha512-ghig2TBE/H11aOVgmahA3MhimvkBr6JIYknH/Dhdk10nXwdbIqBJsbfMxpvFPG8bAw77gN29aQWvKpmVoPlvPQ==",
            "funding": [
                {
                    "type": "github",
                    "url": "https://github.com/sponsors/NaturalIntelligence"
                }
            ],
            "license": "MIT",
            "engines": {
                "node": ">=16.0.0"
            }
        }
    }
}
