{
    "name": "@microsoft/vscode-azureresources-api",
    "version": "2.2.0",
    "lockfileVersion": 3,
    "requires": true,
    "packages": {
        "": {
            "name": "@microsoft/vscode-azureresources-api",
            "version": "2.2.0",
            "license": "MIT",
            "devDependencies": {
                "@types/node": "^16.0.0",
                "@types/vscode": "^1.64.0"
            },
            "peerDependencies": {
                "@azure/ms-rest-azure-env": "^2.0.0"
            }
        },
        "node_modules/@azure/ms-rest-azure-env": {
            "version": "2.0.0",
            "resolved": "https://registry.npmjs.org/@azure/ms-rest-azure-env/-/ms-rest-azure-env-2.0.0.tgz",
            "integrity": "sha512-dG76W7ElfLi+fbTjnZVGj+M9e0BIEJmRxU6fHaUQ12bZBe8EJKYb2GV50YWNaP2uJiVQ5+7nXEVj1VN1UQtaEw==",
            "peer": true
        },
        "node_modules/@types/node": {
            "version": "16.18.24",
            "resolved": "https://registry.npmjs.org/@types/node/-/node-16.18.24.tgz",
            "integrity": "sha512-zvSN2Esek1aeLdKDYuntKAYjti9Z2oT4I8bfkLLhIxHlv3dwZ5vvATxOc31820iYm4hQRCwjUgDpwSMFjfTUnw==",
            "dev": true
        },
        "node_modules/@types/vscode": {
            "version": "1.77.0",
            "resolved": "https://registry.npmjs.org/@types/vscode/-/vscode-1.77.0.tgz",
            "integrity": "sha512-MWFN5R7a33n8eJZJmdVlifjig3LWUNRrPeO1xemIcZ0ae0TEQuRc7G2xV0LUX78RZFECY1plYBn+dP/Acc3L0Q==",
            "dev": true
        }
    }
}
